
Microsoft Visual Studio Solution File, Format Version 12.00
# Visual Studio Version 17
VisualStudioVersion = 17.13.35931.197
MinimumVisualStudioVersion = 10.0.40219.1
Project("{54435603-DBB4-11D2-8724-00A0C9A8B90C}") = "Axxis Explorer Installer", "Axxis Explorer Installer\Axxis Explorer Installer.vdproj", "{2E56CB5C-A225-45DC-6308-ADBC2E636AF4}"
EndProject
Project("{FAE04EC0-301F-11D3-BF4B-00C04F79EFBC}") = "Axxis Explorer Helper", "Axxis Explorer Helper\Axxis Explorer Helper.csproj", "{A01D070E-3C43-48B9-96B7-0904D7DA22A7}"
EndProject
Global
	GlobalSection(SolutionConfigurationPlatforms) = preSolution
		Debug|Any CPU = Debug|Any CPU
		Release|Any CPU = Release|Any CPU
	EndGlobalSection
	GlobalSection(ProjectConfigurationPlatforms) = postSolution
		{2E56CB5C-A225-45DC-6308-ADBC2E636AF4}.Debug|Any CPU.ActiveCfg = Debug
		{2E56CB5C-A225-45DC-6308-ADBC2E636AF4}.Release|Any CPU.ActiveCfg = Release
		{A01D070E-3C43-48B9-96B7-0904D7DA22A7}.Debug|Any CPU.ActiveCfg = Debug|Any CPU
		{A01D070E-3C43-48B9-96B7-0904D7DA22A7}.Debug|Any CPU.Build.0 = Debug|Any CPU
		{A01D070E-3C43-48B9-96B7-0904D7DA22A7}.Release|Any CPU.ActiveCfg = Release|Any CPU
		{A01D070E-3C43-48B9-96B7-0904D7DA22A7}.Release|Any CPU.Build.0 = Release|Any CPU
	EndGlobalSection
	GlobalSection(SolutionProperties) = preSolution
		HideSolutionNode = FALSE
	EndGlobalSection
	GlobalSection(ExtensibilityGlobals) = postSolution
		SolutionGuid = {0CDD8982-EFF1-40DE-9B98-D873347F131C}
	EndGlobalSection
EndGlobal
